
Microsoft Visual Studio Solution File, Format Version 12.00
# Visual Studio Version 17
VisualStudioVersion = 17.9.34728.123
MinimumVisualStudioVersion = 10.0.40219.1
Project("{2150E333-8FDC-42A3-9474-1A3956D46DE8}") = "Src", "Src", "{B8DEFD22-393D-42C4-993C-5B09641D56B9}"
EndProject
Project("{2150E333-8FDC-42A3-9474-1A3956D46DE8}") = "Core", "Core", "{A870187B-7B98-4870-A286-21ADA08750D3}"
EndProject
Project("{2150E333-8FDC-42A3-9474-1A3956D46DE8}") = "Infrastructure", "Infrastructure", "{634FABD8-E981-45D2-BF99-1A53354D566E}"
EndProject
Project("{2150E333-8FDC-42A3-9474-1A3956D46DE8}") = "Presentation", "Presentation", "{6AA41606-302A-4A6D-9E49-E456EA5904AD}"
EndProject
Project("{FAE04EC0-301F-11D3-BF4B-00C04F79EFBC}") = "Domain", "Domain\Domain.csproj", "{704271BE-BCB2-4979-95BD-ECE29CE87FB5}"
EndProject
Project("{FAE04EC0-301F-11D3-BF4B-00C04F79EFBC}") = "Application", "Application\Application.csproj", "{134AAA80-1391-4C5F-9EA2-F8B22B5E17BF}"
EndProject
Project("{FAE04EC0-301F-11D3-BF4B-00C04F79EFBC}") = "Infrastructure", "Infrastructure\Infrastructure.csproj", "{75D3543B-EB1D-4FCB-87B5-012CFB6583D5}"
EndProject
Project("{FAE04EC0-301F-11D3-BF4B-00C04F79EFBC}") = "Persistance", "Persistance\Persistance.csproj", "{EC4D7C84-1C99-41FB-9974-227E9354BBE9}"
EndProject
Project("{FAE04EC0-301F-11D3-BF4B-00C04F79EFBC}") = "DomumWebApi", "DomumWebApi\DomumWebApi.csproj", "{DC3674C4-FA59-496B-995A-5CFEEAA64E58}"
EndProject
Global
	GlobalSection(SolutionConfigurationPlatforms) = preSolution
		Debug|Any CPU = Debug|Any CPU
		Release|Any CPU = Release|Any CPU
	EndGlobalSection
	GlobalSection(ProjectConfigurationPlatforms) = postSolution
		{704271BE-BCB2-4979-95BD-ECE29CE87FB5}.Debug|Any CPU.ActiveCfg = Debug|Any CPU
		{704271BE-BCB2-4979-95BD-ECE29CE87FB5}.Debug|Any CPU.Build.0 = Debug|Any CPU
		{704271BE-BCB2-4979-95BD-ECE29CE87FB5}.Release|Any CPU.ActiveCfg = Release|Any CPU
		{704271BE-BCB2-4979-95BD-ECE29CE87FB5}.Release|Any CPU.Build.0 = Release|Any CPU
		{134AAA80-1391-4C5F-9EA2-F8B22B5E17BF}.Debug|Any CPU.ActiveCfg = Debug|Any CPU
		{134AAA80-1391-4C5F-9EA2-F8B22B5E17BF}.Debug|Any CPU.Build.0 = Debug|Any CPU
		{134AAA80-1391-4C5F-9EA2-F8B22B5E17BF}.Release|Any CPU.ActiveCfg = Release|Any CPU
		{134AAA80-1391-4C5F-9EA2-F8B22B5E17BF}.Release|Any CPU.Build.0 = Release|Any CPU
		{75D3543B-EB1D-4FCB-87B5-012CFB6583D5}.Debug|Any CPU.ActiveCfg = Debug|Any CPU
		{75D3543B-EB1D-4FCB-87B5-012CFB6583D5}.Debug|Any CPU.Build.0 = Debug|Any CPU
		{75D3543B-EB1D-4FCB-87B5-012CFB6583D5}.Release|Any CPU.ActiveCfg = Release|Any CPU
		{75D3543B-EB1D-4FCB-87B5-012CFB6583D5}.Release|Any CPU.Build.0 = Release|Any CPU
		{EC4D7C84-1C99-41FB-9974-227E9354BBE9}.Debug|Any CPU.ActiveCfg = Debug|Any CPU
		{EC4D7C84-1C99-41FB-9974-227E9354BBE9}.Debug|Any CPU.Build.0 = Debug|Any CPU
		{EC4D7C84-1C99-41FB-9974-227E9354BBE9}.Release|Any CPU.ActiveCfg = Release|Any CPU
		{EC4D7C84-1C99-41FB-9974-227E9354BBE9}.Release|Any CPU.Build.0 = Release|Any CPU
		{DC3674C4-FA59-496B-995A-5CFEEAA64E58}.Debug|Any CPU.ActiveCfg = Debug|Any CPU
		{DC3674C4-FA59-496B-995A-5CFEEAA64E58}.Debug|Any CPU.Build.0 = Debug|Any CPU
		{DC3674C4-FA59-496B-995A-5CFEEAA64E58}.Release|Any CPU.ActiveCfg = Release|Any CPU
		{DC3674C4-FA59-496B-995A-5CFEEAA64E58}.Release|Any CPU.Build.0 = Release|Any CPU
	EndGlobalSection
	GlobalSection(SolutionProperties) = preSolution
		HideSolutionNode = FALSE
	EndGlobalSection
	GlobalSection(NestedProjects) = preSolution
		{A870187B-7B98-4870-A286-21ADA08750D3} = {B8DEFD22-393D-42C4-993C-5B09641D56B9}
		{634FABD8-E981-45D2-BF99-1A53354D566E} = {B8DEFD22-393D-42C4-993C-5B09641D56B9}
		{6AA41606-302A-4A6D-9E49-E456EA5904AD} = {B8DEFD22-393D-42C4-993C-5B09641D56B9}
		{704271BE-BCB2-4979-95BD-ECE29CE87FB5} = {A870187B-7B98-4870-A286-21ADA08750D3}
		{134AAA80-1391-4C5F-9EA2-F8B22B5E17BF} = {A870187B-7B98-4870-A286-21ADA08750D3}
		{75D3543B-EB1D-4FCB-87B5-012CFB6583D5} = {634FABD8-E981-45D2-BF99-1A53354D566E}
		{EC4D7C84-1C99-41FB-9974-227E9354BBE9} = {634FABD8-E981-45D2-BF99-1A53354D566E}
		{DC3674C4-FA59-496B-995A-5CFEEAA64E58} = {6AA41606-302A-4A6D-9E49-E456EA5904AD}
	EndGlobalSection
	GlobalSection(ExtensibilityGlobals) = postSolution
		SolutionGuid = {8DEFB6DE-D914-44AD-A756-1FEC788340D8}
	EndGlobalSection
EndGlobal
